
Microsoft Visual Studio Solution File, Format Version 12.00
# Visual Studio Version 17
VisualStudioVersion = 17.6.33829.357
MinimumVisualStudioVersion = 10.0.40219.1
Project("{FAE04EC0-301F-11D3-BF4B-00C04F79EFBC}") = "ConsoleAppAPI", "ConsoleAppAPI.csproj", "{E42C61F3-7967-484D-97E2-9C2DE64012F4}"
EndProject
Global
	GlobalSection(SolutionConfigurationPlatforms) = preSolution
		Debug|Any CPU = Debug|Any CPU
		Release|Any CPU = Release|Any CPU
	EndGlobalSection
	GlobalSection(ProjectConfigurationPlatforms) = postSolution
		{E42C61F3-7967-484D-97E2-9C2DE64012F4}.Debug|Any CPU.ActiveCfg = Debug|Any CPU
		{E42C61F3-7967-484D-97E2-9C2DE64012F4}.Debug|Any CPU.Build.0 = Debug|Any CPU
		{E42C61F3-7967-484D-97E2-9C2DE64012F4}.Release|Any CPU.ActiveCfg = Release|Any CPU
		{E42C61F3-7967-484D-97E2-9C2DE64012F4}.Release|Any CPU.Build.0 = Release|Any CPU
	EndGlobalSection
	GlobalSection(SolutionProperties) = preSolution
		HideSolutionNode = FALSE
	EndGlobalSection
	GlobalSection(ExtensibilityGlobals) = postSolution
		SolutionGuid = {83D773B8-503E-402B-A7B8-86DA7D44546F}
	EndGlobalSection
EndGlobal
